<?xml version="1.0" encoding="utf-8"?>
<Project ToolsVersion="4.0" xmlns="http://schemas.microsoft.com/developer/msbuild/2003">
  <ItemGroup>
    <Filter Include="Source Files">
      <UniqueIdentifier>{4FC737F1-C7A5-4376-A066-2A32D752A2FF}</UniqueIdentifier>
      <Extensions>cpp;c;cc;cxx;c++;cppm;ixx;def;odl;idl;hpj;bat;asm;asmx</Extensions>
    </Filter>
    <Filter Include="Header Files">
      <UniqueIdentifier>{93995380-89BD-4b04-88EB-625FBE52EBFB}</UniqueIdentifier>
      <Extensions>h;hh;hpp;hxx;h++;hm;inl;inc;ipp;xsd</Extensions>
    </Filter>
    <Filter Include="Resource Files">
      <UniqueIdentifier>{67DA6AB6-F800-4c08-8B7A-83BB121AAD01}</UniqueIdentifier>
      <Extensions>rc;ico;cur;bmp;dlg;rc2;rct;bin;rgs;gif;jpg;jpeg;jpe;resx;tiff;tif;png;wav;mfcribbon-ms</Extensions>
    </Filter>
    <Filter Include="Resource Files\Save">
      <UniqueIdentifier>{37fea086-71d8-4b4c-a07f-b4f38c6cb234}</UniqueIdentifier>
    </Filter>
    <Filter Include="Resource Files\Assets">
      <UniqueIdentifier>{2a5f733b-5eca-47a7-9536-f564aac3758e}</UniqueIdentifier>
    </Filter>
    <Filter Include="Resource Files\Assets\Player">
      <UniqueIdentifier>{bb0dfa84-c704-43dc-9458-bc17d83b8cb5}</UniqueIdentifier>
    </Filter>
    <Filter Include="Resource Files\Assets\Obstacles">
      <UniqueIdentifier>{1f4b5980-6de7-41be-bac5-eb4d995674d5}</UniqueIdentifier>
    </Filter>
    <Filter Include="Resource Files\Assets\Player\Die">
      <UniqueIdentifier>{03f3188d-a732-4a22-92ed-b1b7e16532e8}</UniqueIdentifier>
    </Filter>
    <Filter Include="Header Files\Object">
      <UniqueIdentifier>{45fa9275-65b2-44c8-8234-bbd382989670}</UniqueIdentifier>
    </Filter>
    <Filter Include="Source Files\Object">
      <UniqueIdentifier>{0a3a0aa9-e2b6-4dbd-9d90-ce41f68cb180}</UniqueIdentifier>
    </Filter>
    <Filter Include="Header Files\Object\Player">
      <UniqueIdentifier>{76f52c52-a87a-4a30-833e-5e89af35e62b}</UniqueIdentifier>
    </Filter>
    <Filter Include="Header Files\Object\Obstacles">
      <UniqueIdentifier>{b95f331f-1ffb-4ffe-a8d0-0f21d7b32427}</UniqueIdentifier>
    </Filter>
    <Filter Include="Source Files\Object\Player">
      <UniqueIdentifier>{4cf38e75-9dd5-4c98-b143-dc9fc4acc53e}</UniqueIdentifier>
    </Filter>
    <Filter Include="Source Files\Object\Obstacles">
      <UniqueIdentifier>{74049a8e-a76e-41db-9253-6bdab87d5aad}</UniqueIdentifier>
    </Filter>
    <Filter Include="Header Files\Engine">
      <UniqueIdentifier>{bc78bff9-672b-4375-b054-44a762b11f0d}</UniqueIdentifier>
    </Filter>
    <Filter Include="Source Files\Engine">
      <UniqueIdentifier>{a66e6031-d19a-440e-94af-2b06e0e79d2e}</UniqueIdentifier>
    </Filter>
    <Filter Include="Resource Files\Assets\Player\Idle">
      <UniqueIdentifier>{84ef2bc8-9318-42dd-ba58-c82e10c416d3}</UniqueIdentifier>
    </Filter>
  </ItemGroup>
  <ItemGroup>
    <ClCompile Include="TEAM.cpp">
      <Filter>Source Files</Filter>
    </ClCompile>
    <ClCompile Include="Object.cpp">
      <Filter>Source Files\Object</Filter>
    </ClCompile>
    <ClCompile Include="Obstacle.cpp">
      <Filter>Source Files\Object\Obstacles</Filter>
    </ClCompile>
    <ClCompile Include="Alphabet.cpp">
      <Filter>Source Files\Engine</Filter>
    </ClCompile>
    <ClCompile Include="Functions.cpp">
      <Filter>Source Files\Engine</Filter>
    </ClCompile>
    <ClCompile Include="Menu.cpp">
      <Filter>Source Files\Engine</Filter>
    </ClCompile>
    <ClCompile Include="Save.cpp">
      <Filter>Source Files\Engine</Filter>
    </ClCompile>
    <ClCompile Include="Sprite.cpp">
      <Filter>Source Files\Engine</Filter>
    </ClCompile>
    <ClCompile Include="Win.cpp">
      <Filter>Source Files\Engine</Filter>
    </ClCompile>
    <ClCompile Include="Player.cpp">
      <Filter>Source Files\Object\Player</Filter>
    </ClCompile>
    <ClCompile Include="AudioSample.cpp">
      <Filter>Source Files\Engine</Filter>
    </ClCompile>
    <ClCompile Include="Lane.cpp">
      <Filter>Source Files\Object</Filter>
    </ClCompile>
  </ItemGroup>
  <ItemGroup>
    <ClInclude Include="Object.h">
      <Filter>Header Files\Object</Filter>
    </ClInclude>
    <ClInclude Include="Obstacle.h">
      <Filter>Header Files\Object\Obstacles</Filter>
    </ClInclude>
    <ClInclude Include="Alphabet.h">
      <Filter>Header Files\Engine</Filter>
    </ClInclude>
    <ClInclude Include="Functions.h">
      <Filter>Header Files\Engine</Filter>
    </ClInclude>
    <ClInclude Include="Menu.h">
      <Filter>Header Files\Engine</Filter>
    </ClInclude>
    <ClInclude Include="Save.h">
      <Filter>Header Files\Engine</Filter>
    </ClInclude>
    <ClInclude Include="Win.h">
      <Filter>Header Files\Engine</Filter>
    </ClInclude>
    <ClInclude Include="Sprite.h">
      <Filter>Header Files\Engine</Filter>
    </ClInclude>
    <ClInclude Include="Player.h">
      <Filter>Header Files\Object\Player</Filter>
    </ClInclude>
    <ClInclude Include="AudioSample.h">
      <Filter>Header Files\Engine</Filter>
    </ClInclude>
    <ClInclude Include="Lane.h">
      <Filter>Header Files\Object</Filter>
    </ClInclude>
  </ItemGroup>
  <ItemGroup>
    <Text Include="Save\HighScores.txt">
      <Filter>Resource Files\Save</Filter>
    </Text>
    <Text Include="Save\LoadGames.txt">
      <Filter>Resource Files\Save</Filter>
    </Text>
    <Text Include="Assets\Obstacles\Truck.txt">
      <Filter>Resource Files\Assets\Obstacles</Filter>
    </Text>
    <Text Include="Assets\Obstacles\Truck2.txt">
      <Filter>Resource Files\Assets\Obstacles</Filter>
    </Text>
    <Text Include="Assets\Player\Die\PlayerDie2.txt">
      <Filter>Resource Files\Assets\Player\Die</Filter>
    </Text>
    <Text Include="Assets\Player\Die\PlayerDie3.txt">
      <Filter>Resource Files\Assets\Player\Die</Filter>
    </Text>
    <Text Include="Assets\Player\Die\PlayerDie1.txt">
      <Filter>Resource Files\Assets\Player\Die</Filter>
    </Text>
    <Text Include="Assets\Player\Idle\PlayerIdle1.txt">
      <Filter>Resource Files\Assets\Player\Idle</Filter>
    </Text>
    <Text Include="Assets\Player\Idle\PlayerIdle2.txt">
      <Filter>Resource Files\Assets\Player\Idle</Filter>
    </Text>
    <Text Include="Assets\Player\Idle\PlayerIdle.txt">
      <Filter>Resource Files\Assets\Player\Idle</Filter>
    </Text>
  </ItemGroup>
</Project>