<?xml version="1.0" encoding="utf-8"?>
<Project ToolsVersion="4.0" xmlns="http://schemas.microsoft.com/developer/msbuild/2003">
  <ItemGroup>
    <Filter Include="Source Files">
      <UniqueIdentifier>{4FC737F1-C7A5-4376-A066-2A32D752A2FF}</UniqueIdentifier>
      <Extensions>cpp;c;cc;cxx;c++;cppm;ixx;def;odl;idl;hpj;bat;asm;asmx</Extensions>
    </Filter>
    <Filter Include="Header Files">
      <UniqueIdentifier>{93995380-89BD-4b04-88EB-625FBE52EBFB}</UniqueIdentifier>
      <Extensions>h;hh;hpp;hxx;h++;hm;inl;inc;ipp;xsd</Extensions>
    </Filter>
    <Filter Include="Resource Files">
      <UniqueIdentifier>{67DA6AB6-F800-4c08-8B7A-83BB121AAD01}</UniqueIdentifier>
      <Extensions>rc;ico;cur;bmp;dlg;rc2;rct;bin;rgs;gif;jpg;jpeg;jpe;resx;tiff;tif;png;wav;mfcribbon-ms</Extensions>
    </Filter>
    <Filter Include="Resource Files\Save">
      <UniqueIdentifier>{37fea086-71d8-4b4c-a07f-b4f38c6cb234}</UniqueIdentifier>
    </Filter>
    <Filter Include="Resource Files\Assets">
      <UniqueIdentifier>{2a5f733b-5eca-47a7-9536-f564aac3758e}</UniqueIdentifier>
    </Filter>
    <Filter Include="Resource Files\Assets\Player">
      <UniqueIdentifier>{bb0dfa84-c704-43dc-9458-bc17d83b8cb5}</UniqueIdentifier>
    </Filter>
    <Filter Include="Resource Files\Assets\Obstacles">
      <UniqueIdentifier>{1f4b5980-6de7-41be-bac5-eb4d995674d5}</UniqueIdentifier>
    </Filter>
    <Filter Include="Resource Files\Assets\Player\Die">
      <UniqueIdentifier>{03f3188d-a732-4a22-92ed-b1b7e16532e8}</UniqueIdentifier>
    </Filter>
  </ItemGroup>
  <ItemGroup>
    <ClCompile Include="TEAM.cpp">
      <Filter>Source Files</Filter>
    </ClCompile>
    <ClCompile Include="Win.cpp">
      <Filter>Source Files</Filter>
    </ClCompile>
    <ClCompile Include="Menu.cpp">
      <Filter>Source Files</Filter>
    </ClCompile>
    <ClCompile Include="Player.cpp">
      <Filter>Source Files</Filter>
    </ClCompile>
    <ClCompile Include="Lane.cpp">
      <Filter>Source Files</Filter>
    </ClCompile>
    <ClCompile Include="Save.cpp">
      <Filter>Source Files</Filter>
    </ClCompile>
    <ClCompile Include="Sprite.cpp">
      <Filter>Source Files</Filter>
    </ClCompile>
    <ClCompile Include="Functions.cpp">
      <Filter>Source Files</Filter>
    </ClCompile>
    <ClCompile Include="alphabet.cpp">
      <Filter>Source Files</Filter>
    </ClCompile>
  </ItemGroup>
  <ItemGroup>
    <ClInclude Include="Win.h">
      <Filter>Header Files</Filter>
    </ClInclude>
    <ClInclude Include="Menu.h">
      <Filter>Header Files</Filter>
    </ClInclude>
    <ClInclude Include="Player.h">
      <Filter>Header Files</Filter>
    </ClInclude>
    <ClInclude Include="Lane.h">
      <Filter>Header Files</Filter>
    </ClInclude>
    <ClInclude Include="Save.h">
      <Filter>Header Files</Filter>
    </ClInclude>
    <ClInclude Include="Sprite.h">
      <Filter>Header Files</Filter>
    </ClInclude>
    <ClInclude Include="Functions.h">
      <Filter>Header Files</Filter>
    </ClInclude>
    <ClInclude Include="alphabet.h">
      <Filter>Header Files</Filter>
    </ClInclude>
  </ItemGroup>
  <ItemGroup>
    <Text Include="Save\HighScores.txt">
      <Filter>Resource Files\Save</Filter>
    </Text>
    <Text Include="Save\LoadGames.txt">
      <Filter>Resource Files\Save</Filter>
    </Text>
    <Text Include="Assets\Obstacles\Truck.txt">
      <Filter>Resource Files\Assets\Obstacles</Filter>
    </Text>
    <Text Include="Assets\Obstacles\Truck2.txt">
      <Filter>Resource Files\Assets\Obstacles</Filter>
    </Text>
    <Text Include="Assets\Player\Player.txt">
      <Filter>Resource Files\Assets\Player</Filter>
    </Text>
    <Text Include="Assets\Player\Die\secondGlow.txt">
      <Filter>Resource Files\Assets\Player\Die</Filter>
    </Text>
    <Text Include="Assets\Player\Die\thirdGlow.txt">
      <Filter>Resource Files\Assets\Player\Die</Filter>
    </Text>
    <Text Include="Assets\Player\Die\firstGlow.txt">
      <Filter>Resource Files\Assets\Player\Die</Filter>
    </Text>
    <Text Include="Assets\Player\Player1.txt">
      <Filter>Resource Files\Assets\Player</Filter>
    </Text>
    <Text Include="Assets\Player\Player2.txt">
      <Filter>Resource Files\Assets\Player</Filter>
    </Text>
  </ItemGroup>
</Project>